
Microsoft Visual Studio Solution File, Format Version 12.00
# Visual Studio Version 16
VisualStudioVersion = 16.0.30717.126
MinimumVisualStudioVersion = 10.0.40219.1
Project("{FAE04EC0-301F-11D3-BF4B-00C04F79EFBC}") = "MTTP_final", "MTTP_final.csproj", "{1E85C674-2F22-4450-B850-84282253AEC4}"
EndProject
Global
	GlobalSection(SolutionConfigurationPlatforms) = preSolution
		Debug|Any CPU = Debug|Any CPU
		Release|Any CPU = Release|Any CPU
	EndGlobalSection
	GlobalSection(ProjectConfigurationPlatforms) = postSolution
		{1E85C674-2F22-4450-B850-84282253AEC4}.Debug|Any CPU.ActiveCfg = Debug|Any CPU
		{1E85C674-2F22-4450-B850-84282253AEC4}.Debug|Any CPU.Build.0 = Debug|Any CPU
		{1E85C674-2F22-4450-B850-84282253AEC4}.Release|Any CPU.ActiveCfg = Release|Any CPU
		{1E85C674-2F22-4450-B850-84282253AEC4}.Release|Any CPU.Build.0 = Release|Any CPU
	EndGlobalSection
	GlobalSection(SolutionProperties) = preSolution
		HideSolutionNode = FALSE
	EndGlobalSection
	GlobalSection(ExtensibilityGlobals) = postSolution
		SolutionGuid = {12EA4FCA-11A0-45AF-BDD8-59B5F8AF8617}
	EndGlobalSection
EndGlobal
